// !$*UTF8*$!
{
	archiveVersion = 1;
	classes = {
	};
	objectVersion = 48;
	objects = {

/* Begin PBXBuildFile section */
		8F48E30A2051046E00CD5E70 /* AppDelegate.swift in Sources */ = {isa = PBXBuildFile; fileRef = 8F48E3092051046E00CD5E70 /* AppDelegate.swift */; };
		8F48E30C2051046E00CD5E70 /* ViewController.swift in Sources */ = {isa = PBXBuildFile; fileRef = 8F48E30B2051046E00CD5E70 /* ViewController.swift */; };
		8F48E30F2051046E00CD5E70 /* Main.storyboard in Resources */ = {isa = PBXBuildFile; fileRef = 8F48E30D2051046E00CD5E70 /* Main.storyboard */; };
		8F48E3112051046E00CD5E70 /* Assets.xcassets in Resources */ = {isa = PBXBuildFile; fileRef = 8F48E3102051046E00CD5E70 /* Assets.xcassets */; };
		8F48E3142051046E00CD5E70 /* LaunchScreen.storyboard in Resources */ = {isa = PBXBuildFile; fileRef = 8F48E3122051046E00CD5E70 /* LaunchScreen.storyboard */; };
		8F48E31F2051050200CD5E70 /* PQCreateQRCodeController.swift in Sources */ = {isa = PBXBuildFile; fileRef = 8F48E31C2051050200CD5E70 /* PQCreateQRCodeController.swift */; };
		8F48E3202051050200CD5E70 /* PQScanQRCodeController.swift in Sources */ = {isa = PBXBuildFile; fileRef = 8F48E31D2051050200CD5E70 /* PQScanQRCodeController.swift */; };
		8F48E3212051050200CD5E70 /* PQScanQRCodeController.xib in Resources */ = {isa = PBXBuildFile; fileRef = 8F48E31E2051050200CD5E70 /* PQScanQRCodeController.xib */; };
/* End PBXBuildFile section */

/* Begin PBXFileReference section */
		8F48E3062051046E00CD5E70 /* QRCode.app */ = {isa = PBXFileReference; explicitFileType = wrapper.application; includeInIndex = 0; path = QRCode.app; sourceTree = BUILT_PRODUCTS_DIR; };
		8F48E3092051046E00CD5E70 /* AppDelegate.swift */ = {isa = PBXFileReference; lastKnownFileType = sourcecode.swift; path = AppDelegate.swift; sourceTree = "<group>"; };
		8F48E30B2051046E00CD5E70 /* ViewController.swift */ = {isa = PBXFileReference; lastKnownFileType = sourcecode.swift; path = ViewController.swift; sourceTree = "<group>"; };
		8F48E30E2051046E00CD5E70 /* Base */ = {isa = PBXFileReference; lastKnownFileType = file.storyboard; name = Base; path = Base.lproj/Main.storyboard; sourceTree = "<group>"; };
		8F48E3102051046E00CD5E70 /* Assets.xcassets */ = {isa = PBXFileReference; lastKnownFileType = folder.assetcatalog; path = Assets.xcassets; sourceTree = "<group>"; };
		8F48E3132051046E00CD5E70 /* Base */ = {isa = PBXFileReference; lastKnownFileType = file.storyboard; name = Base; path = Base.lproj/LaunchScreen.storyboard; sourceTree = "<group>"; };
		8F48E3152051046E00CD5E70 /* Info.plist */ = {isa = PBXFileReference; lastKnownFileType = text.plist.xml; path = Info.plist; sourceTree = "<group>"; };
		8F48E31C2051050200CD5E70 /* PQCreateQRCodeController.swift */ = {isa = PBXFileReference; fileEncoding = 4; lastKnownFileType = sourcecode.swift; path = PQCreateQRCodeController.swift; sourceTree = "<group>"; };
		8F48E31D2051050200CD5E70 /* PQScanQRCodeController.swift */ = {isa = PBXFileReference; fileEncoding = 4; lastKnownFileType = sourcecode.swift; path = PQScanQRCodeController.swift; sourceTree = "<group>"; };
		8F48E31E2051050200CD5E70 /* PQScanQRCodeController.xib */ = {isa = PBXFileReference; fileEncoding = 4; lastKnownFileType = file.xib; path = PQScanQRCodeController.xib; sourceTree = "<group>"; };
/* End PBXFileReference section */

/* Begin PBXFrameworksBuildPhase section */
		8F48E3032051046E00CD5E70 /* Frameworks */ = {
			isa = PBXFrameworksBuildPhase;
			buildActionMask = 2147483647;
			files = (
			);
			runOnlyForDeploymentPostprocessing = 0;
		};
/* End PBXFrameworksBuildPhase section */

/* Begin PBXGroup section */
		8F48E2FD2051046E00CD5E70 = {
			isa = PBXGroup;
			children = (
				8F48E3082051046E00CD5E70 /* QRCode */,
				8F48E3072051046E00CD5E70 /* Products */,
			);
			sourceTree = "<group>";
		};
		8F48E3072051046E00CD5E70 /* Products */ = {
			isa = PBXGroup;
			children = (
				8F48E3062051046E00CD5E70 /* QRCode.app */,
			);
			name = Products;
			sourceTree = "<group>";
		};
		8F48E3082051046E00CD5E70 /* QRCode */ = {
			isa = PBXGroup;
			children = (
				8F48E31B2051050200CD5E70 /* QRCode */,
				8F48E3092051046E00CD5E70 /* AppDelegate.swift */,
				8F48E30B2051046E00CD5E70 /* ViewController.swift */,
				8F48E30D2051046E00CD5E70 /* Main.storyboard */,
				8F48E3102051046E00CD5E70 /* Assets.xcassets */,
				8F48E3122051046E00CD5E70 /* LaunchScreen.storyboard */,
				8F48E3152051046E00CD5E70 /* Info.plist */,
			);
			path = QRCode;
			sourceTree = "<group>";
		};
		8F48E31B2051050200CD5E70 /* QRCode */ = {
			isa = PBXGroup;
			children = (
				8F48E31C2051050200CD5E70 /* PQCreateQRCodeController.swift */,
				8F48E31D2051050200CD5E70 /* PQScanQRCodeController.swift */,
				8F48E31E2051050200CD5E70 /* PQScanQRCodeController.xib */,
			);
			path = QRCode;
			sourceTree = "<group>";
		};
/* End PBXGroup section */

/* Begin PBXNativeTarget section */
		8F48E3052051046E00CD5E70 /* QRCode */ = {
			isa = PBXNativeTarget;
			buildConfigurationList = 8F48E3182051046E00CD5E70 /* Build configuration list for PBXNativeTarget "QRCode" */;
			buildPhases = (
				8F48E3022051046E00CD5E70 /* Sources */,
				8F48E3032051046E00CD5E70 /* Frameworks */,
				8F48E3042051046E00CD5E70 /* Resources */,
			);
			buildRules = (
			);
			dependencies = (
			);
			name = QRCode;
			productName = QRCode;
			productReference = 8F48E3062051046E00CD5E70 /* QRCode.app */;
			productType = "com.apple.product-type.application";
		};
/* End PBXNativeTarget section */

/* Begin PBXProject section */
		8F48E2FE2051046E00CD5E70 /* Project object */ = {
			isa = PBXProject;
			attributes = {
				LastSwiftUpdateCheck = 0920;
				LastUpgradeCheck = 0920;
				ORGANIZATIONNAME = pgq;
				TargetAttributes = {
					8F48E3052051046E00CD5E70 = {
						CreatedOnToolsVersion = 9.2;
						ProvisioningStyle = Automatic;
					};
				};
			};
			buildConfigurationList = 8F48E3012051046E00CD5E70 /* Build configuration list for PBXProject "QRCode" */;
			compatibilityVersion = "Xcode 8.0";
			developmentRegion = en;
			hasScannedForEncodings = 0;
			knownRegions = (
				en,
				Base,
			);
			mainGroup = 8F48E2FD2051046E00CD5E70;
			productRefGroup = 8F48E3072051046E00CD5E70 /* Products */;
			projectDirPath = "";
			projectRoot = "";
			targets = (
				8F48E3052051046E00CD5E70 /* QRCode */,
			);
		};
/* End PBXProject section */

/* Begin PBXResourcesBuildPhase section */
		8F48E3042051046E00CD5E70 /* Resources */ = {
			isa = PBXResourcesBuildPhase;
			buildActionMask = 2147483647;
			files = (
				8F48E3142051046E00CD5E70 /* LaunchScreen.storyboard in Resources */,
				8F48E3112051046E00CD5E70 /* Assets.xcassets in Resources */,
				8F48E30F2051046E00CD5E70 /* Main.storyboard in Resources */,
				8F48E3212051050200CD5E70 /* PQScanQRCodeController.xib in Resources */,
			);
			runOnlyForDeploymentPostprocessing = 0;
		};
/* End PBXResourcesBuildPhase section */

/* Begin PBXSourcesBuildPhase section */
		8F48E3022051046E00CD5E70 /* Sources */ = {
			isa = PBXSourcesBuildPhase;
			buildActionMask = 2147483647;
			files = (
				8F48E31F2051050200CD5E70 /* PQCreateQRCodeController.swift in Sources */,
				8F48E30C2051046E00CD5E70 /* ViewController.swift in Sources */,
				8F48E30A2051046E00CD5E70 /* AppDelegate.swift in Sources */,
				8F48E3202051050200CD5E70 /* PQScanQRCodeController.swift in Sources */,
			);
			runOnlyForDeploymentPostprocessing = 0;
		};
/* End PBXSourcesBuildPhase section */

/* Begin PBXVariantGroup section */
		8F48E30D2051046E00CD5E70 /* Main.storyboard */ = {
			isa = PBXVariantGroup;
			children = (
				8F48E30E2051046E00CD5E70 /* Base */,
			);
			name = Main.storyboard;
			sourceTree = "<group>";
		};
		8F48E3122051046E00CD5E70 /* LaunchScreen.storyboard */ = {
			isa = PBXVariantGroup;
			children = (
				8F48E3132051046E00CD5E70 /* Base */,
			);
			name = LaunchScreen.storyboard;
			sourceTree = "<group>";
		};
/* End PBXVariantGroup section */

/* Begin XCBuildConfiguration section */
		8F48E3162051046E00CD5E70 /* Debug */ = {
			isa = XCBuildConfiguration;
			buildSettings = {
				ALWAYS_SEARCH_USER_PATHS = NO;
				CLANG_ANALYZER_NONNULL = YES;
				CLANG_ANALYZER_NUMBER_OBJECT_CONVERSION = YES_AGGRESSIVE;
				CLANG_CXX_LANGUAGE_STANDARD = "gnu++14";
				CLANG_CXX_LIBRARY = "libc++";
				CLANG_ENABLE_MODULES = YES;
				CLANG_ENABLE_OBJC_ARC = YES;
				CLANG_WARN_BLOCK_CAPTURE_AUTORELEASING = YES;
				CLANG_WARN_BOOL_CONVERSION = YES;
				CLANG_WARN_COMMA = YES;
				CLANG_WARN_CONSTANT_CONVERSION = YES;
				CLANG_WARN_DIRECT_OBJC_ISA_USAGE = YES_ERROR;
				CLANG_WARN_DOCUMENTATION_COMMENTS = YES;
				CLANG_WARN_EMPTY_BODY = YES;
				CLANG_WARN_ENUM_CONVERSION = YES;
				CLANG_WARN_INFINITE_RECURSION = YES;
				CLANG_WARN_INT_CONVERSION = YES;
				CLANG_WARN_NON_LITERAL_NULL_CONVERSION = YES;
				CLANG_WARN_OBJC_LITERAL_CONVERSION = YES;
				CLANG_WARN_OBJC_ROOT_CLASS = YES_ERROR;
				CLANG_WARN_RANGE_LOOP_ANALYSIS = YES;
				CLANG_WARN_STRICT_PROTOTYPES = YES;
				CLANG_WARN_SUSPICIOUS_MOVE = YES;
				CLANG_WARN_UNGUARDED_AVAILABILITY = YES_AGGRESSIVE;
				CLANG_WARN_UNREACHABLE_CODE = YES;
				CLANG_WARN__DUPLICATE_METHOD_MATCH = YES;
				CODE_SIGN_IDENTITY = "iPhone Developer";
				COPY_PHASE_STRIP = NO;
				DEBUG_INFORMATION_FORMAT = dwarf;
				ENABLE_STRICT_OBJC_MSGSEND = YES;
				ENABLE_TESTABILITY = YES;
				GCC_C_LANGUAGE_STANDARD = gnu11;
				GCC_DYNAMIC_NO_PIC = NO;
				GCC_NO_COMMON_BLOCKS = YES;
				GCC_OPTIMIZATION_LEVEL = 0;
				GCC_PREPROCESSOR_DEFINITIONS = (
					"DEBUG=1",
					"$(inherited)",
				);
				GCC_WARN_64_TO_32_BIT_CONVERSION = YES;
				GCC_WARN_ABOUT_RETURN_TYPE = YES_ERROR;
				GCC_WARN_UNDECLARED_SELECTOR = YES;
				GCC_WARN_UNINITIALIZED_AUTOS = YES_AGGRESSIVE;
				GCC_WARN_UNUSED_FUNCTION = YES;
				GCC_WARN_UNUSED_VARIABLE = YES;
				IPHONEOS_DEPLOYMENT_TARGET = 11.2;
				MTL_ENABLE_DEBUG_INFO = YES;
				ONLY_ACTIVE_ARCH = YES;
				SDKROOT = iphoneos;
				SWIFT_ACTIVE_COMPILATION_CONDITIONS = DEBUG;
				SWIFT_OPTIMIZATION_LEVEL = "-Onone";
			};
			name = Debug;
		};
		8F48E3172051046E00CD5E70 /* Release */ = {
			isa = XCBuildConfiguration;
			buildSettings = {
				ALWAYS_SEARCH_USER_PATHS = NO;
				CLANG_ANALYZER_NONNULL = YES;
				CLANG_ANALYZER_NUMBER_OBJECT_CONVERSION = YES_AGGRESSIVE;
				CLANG_CXX_LANGUAGE_STANDARD = "gnu++14";
				CLANG_CXX_LIBRARY = "libc++";
				CLANG_ENABLE_MODULES = YES;
				CLANG_ENABLE_OBJC_ARC = YES;
				CLANG_WARN_BLOCK_CAPTURE_AUTORELEASING = YES;
				CLANG_WARN_BOOL_CONVERSION = YES;
				CLANG_WARN_COMMA = YES;
				CLANG_WARN_CONSTANT_CONVERSION = YES;
				CLANG_WARN_DIRECT_OBJC_ISA_USAGE = YES_ERROR;
				CLANG_WARN_DOCUMENTATION_COMMENTS = YES;
				CLANG_WARN_EMPTY_BODY = YES;
				CLANG_WARN_ENUM_CONVERSION = YES;
				CLANG_WARN_INFINITE_RECURSION = YES;
				CLANG_WARN_INT_CONVERSION = YES;
				CLANG_WARN_NON_LITERAL_NULL_CONVERSION = YES;
				CLANG_WARN_OBJC_LITERAL_CONVERSION = YES;
				CLANG_WARN_OBJC_ROOT_CLASS = YES_ERROR;
				CLANG_WARN_RANGE_LOOP_ANALYSIS = YES;
				CLANG_WARN_STRICT_PROTOTYPES = YES;
				CLANG_WARN_SUSPICIOUS_MOVE = YES;
				CLANG_WARN_UNGUARDED_AVAILABILITY = YES_AGGRESSIVE;
				CLANG_WARN_UNREACHABLE_CODE = YES;
				CLANG_WARN__DUPLICATE_METHOD_MATCH = YES;
				CODE_SIGN_IDENTITY = "iPhone Developer";
				COPY_PHASE_STRIP = NO;
				DEBUG_INFORMATION_FORMAT = "dwarf-with-dsym";
				ENABLE_NS_ASSERTIONS = NO;
				ENABLE_STRICT_OBJC_MSGSEND = YES;
				GCC_C_LANGUAGE_STANDARD = gnu11;
				GCC_NO_COMMON_BLOCKS = YES;
				GCC_WARN_64_TO_32_BIT_CONVERSION = YES;
				GCC_WARN_ABOUT_RETURN_TYPE = YES_ERROR;
				GCC_WARN_UNDECLARED_SELECTOR = YES;
				GCC_WARN_UNINITIALIZED_AUTOS = YES_AGGRESSIVE;
				GCC_WARN_UNUSED_FUNCTION = YES;
				GCC_WARN_UNUSED_VARIABLE = YES;
				IPHONEOS_DEPLOYMENT_TARGET = 11.2;
				MTL_ENABLE_DEBUG_INFO = NO;
				SDKROOT = iphoneos;
				SWIFT_OPTIMIZATION_LEVEL = "-Owholemodule";
				VALIDATE_PRODUCT = YES;
			};
			name = Release;
		};
		8F48E3192051046E00CD5E70 /* Debug */ = {
			isa = XCBuildConfiguration;
			buildSettings = {
				ASSETCATALOG_COMPILER_APPICON_NAME = AppIcon;
				CODE_SIGN_STYLE = Automatic;
				DEVELOPMENT_TEAM = B2BXA8AH8F;
				INFOPLIST_FILE = QRCode/Info.plist;
				LD_RUNPATH_SEARCH_PATHS = "$(inherited) @executable_path/Frameworks";
				PRODUCT_BUNDLE_IDENTIFIER = com.antheroiot.pgq.QRCode;
				PRODUCT_NAME = "$(TARGET_NAME)";
				SWIFT_VERSION = 4.0;
				TARGETED_DEVICE_FAMILY = "1,2";
			};
			name = Debug;
		};
		8F48E31A2051046E00CD5E70 /* Release */ = {
			isa = XCBuildConfiguration;
			buildSettings = {
				ASSETCATALOG_COMPILER_APPICON_NAME = AppIcon;
				CODE_SIGN_STYLE = Automatic;
				DEVELOPMENT_TEAM = B2BXA8AH8F;
				INFOPLIST_FILE = QRCode/Info.plist;
				LD_RUNPATH_SEARCH_PATHS = "$(inherited) @executable_path/Frameworks";
				PRODUCT_BUNDLE_IDENTIFIER = com.antheroiot.pgq.QRCode;
				PRODUCT_NAME = "$(TARGET_NAME)";
				SWIFT_VERSION = 4.0;
				TARGETED_DEVICE_FAMILY = "1,2";
			};
			name = Release;
		};
/* End XCBuildConfiguration section */

/* Begin XCConfigurationList section */
		8F48E3012051046E00CD5E70 /* Build configuration list for PBXProject "QRCode" */ = {
			isa = XCConfigurationList;
			buildConfigurations = (
				8F48E3162051046E00CD5E70 /* Debug */,
				8F48E3172051046E00CD5E70 /* Release */,
			);
			defaultConfigurationIsVisible = 0;
			defaultConfigurationName = Release;
		};
		8F48E3182051046E00CD5E70 /* Build configuration list for PBXNativeTarget "QRCode" */ = {
			isa = XCConfigurationList;
			buildConfigurations = (
				8F48E3192051046E00CD5E70 /* Debug */,
				8F48E31A2051046E00CD5E70 /* Release */,
			);
			defaultConfigurationIsVisible = 0;
			defaultConfigurationName = Release;
		};
/* End XCConfigurationList section */
	};
	rootObject = 8F48E2FE2051046E00CD5E70 /* Project object */;
}
